
Microsoft Visual Studio Solution File, Format Version 12.00
Project("{FAE04EC0-301F-11D3-BF4B-00C04F79EFBC}") = "ST-ASCII", "ST-ASCII.csproj", "{B951F563-6007-4190-A6CD-04F59B8B2D5F}"
EndProject
Project("{FAE04EC0-301F-11D3-BF4B-00C04F79EFBC}") = "ExampleGame", "Examples\ExampleGame\ExampleGame.csproj", "{F1A0AB05-C347-4136-8B0E-C7DFE922EF51}"
EndProject
Project("{FAE04EC0-301F-11D3-BF4B-00C04F79EFBC}") = "ExampleSimpleUsage", "Examples\ExampleSimpleUsage\ExampleSimpleUsage.csproj", "{64271DC1-A4A5-457E-B18A-4BB761F64D62}"
EndProject
Project("{FAE04EC0-301F-11D3-BF4B-00C04F79EFBC}") = "ExampleCustomDrawable", "Examples\ExampleCustomDrawable\ExampleCustomDrawable.csproj", "{FA9C39CB-C3A3-415A-AF47-8B6DEA7165E0}"
EndProject
Global
	GlobalSection(SolutionConfigurationPlatforms) = preSolution
		Debug|Any CPU = Debug|Any CPU
		Release|Any CPU = Release|Any CPU
	EndGlobalSection
	GlobalSection(ProjectConfigurationPlatforms) = postSolution
		{B951F563-6007-4190-A6CD-04F59B8B2D5F}.Debug|Any CPU.ActiveCfg = Debug|Any CPU
		{B951F563-6007-4190-A6CD-04F59B8B2D5F}.Debug|Any CPU.Build.0 = Debug|Any CPU
		{B951F563-6007-4190-A6CD-04F59B8B2D5F}.Release|Any CPU.ActiveCfg = Release|Any CPU
		{B951F563-6007-4190-A6CD-04F59B8B2D5F}.Release|Any CPU.Build.0 = Release|Any CPU
		{F1A0AB05-C347-4136-8B0E-C7DFE922EF51}.Debug|Any CPU.ActiveCfg = Debug|Any CPU
		{F1A0AB05-C347-4136-8B0E-C7DFE922EF51}.Debug|Any CPU.Build.0 = Debug|Any CPU
		{F1A0AB05-C347-4136-8B0E-C7DFE922EF51}.Release|Any CPU.ActiveCfg = Release|Any CPU
		{F1A0AB05-C347-4136-8B0E-C7DFE922EF51}.Release|Any CPU.Build.0 = Release|Any CPU
		{64271DC1-A4A5-457E-B18A-4BB761F64D62}.Debug|Any CPU.ActiveCfg = Debug|Any CPU
		{64271DC1-A4A5-457E-B18A-4BB761F64D62}.Debug|Any CPU.Build.0 = Debug|Any CPU
		{64271DC1-A4A5-457E-B18A-4BB761F64D62}.Release|Any CPU.ActiveCfg = Release|Any CPU
		{64271DC1-A4A5-457E-B18A-4BB761F64D62}.Release|Any CPU.Build.0 = Release|Any CPU
		{FA9C39CB-C3A3-415A-AF47-8B6DEA7165E0}.Debug|Any CPU.ActiveCfg = Debug|Any CPU
		{FA9C39CB-C3A3-415A-AF47-8B6DEA7165E0}.Debug|Any CPU.Build.0 = Debug|Any CPU
		{FA9C39CB-C3A3-415A-AF47-8B6DEA7165E0}.Release|Any CPU.ActiveCfg = Release|Any CPU
		{FA9C39CB-C3A3-415A-AF47-8B6DEA7165E0}.Release|Any CPU.Build.0 = Release|Any CPU
	EndGlobalSection
EndGlobal
